// !$*UTF8*$!
{
	archiveVersion = 1;
	classes = {
	};
	objectVersion = 46;
	objects = {

/* Begin PBXBuildFile section */
		C100E246194DD46200CA8952 /* Foundation.framework in Frameworks */ = {isa = PBXBuildFile; fileRef = C100E245194DD46200CA8952 /* Foundation.framework */; };
		C100E248194DD46200CA8952 /* CoreGraphics.framework in Frameworks */ = {isa = PBXBuildFile; fileRef = C100E247194DD46200CA8952 /* CoreGraphics.framework */; };
		C100E24A194DD46200CA8952 /* UIKit.framework in Frameworks */ = {isa = PBXBuildFile; fileRef = C100E249194DD46200CA8952 /* UIKit.framework */; };
		C100E250194DD46200CA8952 /* InfoPlist.strings in Resources */ = {isa = PBXBuildFile; fileRef = C100E24E194DD46200CA8952 /* InfoPlist.strings */; };
		C100E252194DD46200CA8952 /* main.m in Sources */ = {isa = PBXBuildFile; fileRef = C100E251194DD46200CA8952 /* main.m */; };
		C100E256194DD46200CA8952 /* AppDelegate.m in Sources */ = {isa = PBXBuildFile; fileRef = C100E255194DD46200CA8952 /* AppDelegate.m */; };
		C100E259194DD46200CA8952 /* Main.storyboard in Resources */ = {isa = PBXBuildFile; fileRef = C100E257194DD46200CA8952 /* Main.storyboard */; };
		C100E25C194DD46200CA8952 /* FirstViewController.m in Sources */ = {isa = PBXBuildFile; fileRef = C100E25B194DD46200CA8952 /* FirstViewController.m */; };
		C100E25F194DD46200CA8952 /* SecondViewController.m in Sources */ = {isa = PBXBuildFile; fileRef = C100E25E194DD46200CA8952 /* SecondViewController.m */; };
		C100E261194DD46200CA8952 /* Images.xcassets in Resources */ = {isa = PBXBuildFile; fileRef = C100E260194DD46200CA8952 /* Images.xcassets */; };
		C100E268194DD46200CA8952 /* XCTest.framework in Frameworks */ = {isa = PBXBuildFile; fileRef = C100E267194DD46200CA8952 /* XCTest.framework */; };
		C100E269194DD46200CA8952 /* Foundation.framework in Frameworks */ = {isa = PBXBuildFile; fileRef = C100E245194DD46200CA8952 /* Foundation.framework */; };
		C100E26A194DD46200CA8952 /* UIKit.framework in Frameworks */ = {isa = PBXBuildFile; fileRef = C100E249194DD46200CA8952 /* UIKit.framework */; };
		C100E272194DD46200CA8952 /* InfoPlist.strings in Resources */ = {isa = PBXBuildFile; fileRef = C100E270194DD46200CA8952 /* InfoPlist.strings */; };
		C100E274194DD46200CA8952 /* cocoapodstest2Tests.m in Sources */ = {isa = PBXBuildFile; fileRef = C100E273194DD46200CA8952 /* cocoapodstest2Tests.m */; };
		EE919704A0D6412C859A283B /* libPods.a in Frameworks */ = {isa = PBXBuildFile; fileRef = 979121E54C044ABE8A8E13A6 /* libPods.a */; };
/* End PBXBuildFile section */

/* Begin PBXContainerItemProxy section */
		C100E26B194DD46200CA8952 /* PBXContainerItemProxy */ = {
			isa = PBXContainerItemProxy;
			containerPortal = C100E23A194DD46200CA8952 /* Project object */;
			proxyType = 1;
			remoteGlobalIDString = C100E241194DD46200CA8952;
			remoteInfo = cocoapodstest2;
		};
/* End PBXContainerItemProxy section */

/* Begin PBXFileReference section */
		18A92EC3A062419A9E57C2AD /* Pods.xcconfig */ = {isa = PBXFileReference; includeInIndex = 1; lastKnownFileType = text.xcconfig; name = Pods.xcconfig; path = Pods/Pods.xcconfig; sourceTree = "<group>"; };
		979121E54C044ABE8A8E13A6 /* libPods.a */ = {isa = PBXFileReference; explicitFileType = archive.ar; includeInIndex = 0; path = libPods.a; sourceTree = BUILT_PRODUCTS_DIR; };
		C100E242194DD46200CA8952 /* cocoapodstest2.app */ = {isa = PBXFileReference; explicitFileType = wrapper.application; includeInIndex = 0; path = cocoapodstest2.app; sourceTree = BUILT_PRODUCTS_DIR; };
		C100E245194DD46200CA8952 /* Foundation.framework */ = {isa = PBXFileReference; lastKnownFileType = wrapper.framework; name = Foundation.framework; path = System/Library/Frameworks/Foundation.framework; sourceTree = SDKROOT; };
		C100E247194DD46200CA8952 /* CoreGraphics.framework */ = {isa = PBXFileReference; lastKnownFileType = wrapper.framework; name = CoreGraphics.framework; path = System/Library/Frameworks/CoreGraphics.framework; sourceTree = SDKROOT; };
		C100E249194DD46200CA8952 /* UIKit.framework */ = {isa = PBXFileReference; lastKnownFileType = wrapper.framework; name = UIKit.framework; path = System/Library/Frameworks/UIKit.framework; sourceTree = SDKROOT; };
		C100E24D194DD46200CA8952 /* cocoapodstest2-Info.plist */ = {isa = PBXFileReference; lastKnownFileType = text.plist.xml; path = "cocoapodstest2-Info.plist"; sourceTree = "<group>"; };
		C100E24F194DD46200CA8952 /* en */ = {isa = PBXFileReference; lastKnownFileType = text.plist.strings; name = en; path = en.lproj/InfoPlist.strings; sourceTree = "<group>"; };
		C100E251194DD46200CA8952 /* main.m */ = {isa = PBXFileReference; lastKnownFileType = sourcecode.c.objc; path = main.m; sourceTree = "<group>"; };
		C100E253194DD46200CA8952 /* cocoapodstest2-Prefix.pch */ = {isa = PBXFileReference; lastKnownFileType = sourcecode.c.h; path = "cocoapodstest2-Prefix.pch"; sourceTree = "<group>"; };
		C100E254194DD46200CA8952 /* AppDelegate.h */ = {isa = PBXFileReference; lastKnownFileType = sourcecode.c.h; path = AppDelegate.h; sourceTree = "<group>"; };
		C100E255194DD46200CA8952 /* AppDelegate.m */ = {isa = PBXFileReference; lastKnownFileType = sourcecode.c.objc; path = AppDelegate.m; sourceTree = "<group>"; };
		C100E258194DD46200CA8952 /* Base */ = {isa = PBXFileReference; lastKnownFileType = file.storyboard; name = Base; path = Base.lproj/Main.storyboard; sourceTree = "<group>"; };
		C100E25A194DD46200CA8952 /* FirstViewController.h */ = {isa = PBXFileReference; lastKnownFileType = sourcecode.c.h; path = FirstViewController.h; sourceTree = "<group>"; };
		C100E25B194DD46200CA8952 /* FirstViewController.m */ = {isa = PBXFileReference; lastKnownFileType = sourcecode.c.objc; path = FirstViewController.m; sourceTree = "<group>"; };
		C100E25D194DD46200CA8952 /* SecondViewController.h */ = {isa = PBXFileReference; lastKnownFileType = sourcecode.c.h; path = SecondViewController.h; sourceTree = "<group>"; };
		C100E25E194DD46200CA8952 /* SecondViewController.m */ = {isa = PBXFileReference; lastKnownFileType = sourcecode.c.objc; path = SecondViewController.m; sourceTree = "<group>"; };
		C100E260194DD46200CA8952 /* Images.xcassets */ = {isa = PBXFileReference; lastKnownFileType = folder.assetcatalog; path = Images.xcassets; sourceTree = "<group>"; };
		C100E266194DD46200CA8952 /* cocoapodstest2Tests.xctest */ = {isa = PBXFileReference; explicitFileType = wrapper.cfbundle; includeInIndex = 0; path = cocoapodstest2Tests.xctest; sourceTree = BUILT_PRODUCTS_DIR; };
		C100E267194DD46200CA8952 /* XCTest.framework */ = {isa = PBXFileReference; lastKnownFileType = wrapper.framework; name = XCTest.framework; path = Library/Frameworks/XCTest.framework; sourceTree = DEVELOPER_DIR; };
		C100E26F194DD46200CA8952 /* cocoapodstest2Tests-Info.plist */ = {isa = PBXFileReference; lastKnownFileType = text.plist.xml; path = "cocoapodstest2Tests-Info.plist"; sourceTree = "<group>"; };
		C100E271194DD46200CA8952 /* en */ = {isa = PBXFileReference; lastKnownFileType = text.plist.strings; name = en; path = en.lproj/InfoPlist.strings; sourceTree = "<group>"; };
		C100E273194DD46200CA8952 /* cocoapodstest2Tests.m */ = {isa = PBXFileReference; lastKnownFileType = sourcecode.c.objc; path = cocoapodstest2Tests.m; sourceTree = "<group>"; };
/* End PBXFileReference section */

/* Begin PBXFrameworksBuildPhase section */
		C100E23F194DD46200CA8952 /* Frameworks */ = {
			isa = PBXFrameworksBuildPhase;
			buildActionMask = 2147483647;
			files = (
				C100E248194DD46200CA8952 /* CoreGraphics.framework in Frameworks */,
				C100E24A194DD46200CA8952 /* UIKit.framework in Frameworks */,
				C100E246194DD46200CA8952 /* Foundation.framework in Frameworks */,
				EE919704A0D6412C859A283B /* libPods.a in Frameworks */,
			);
			runOnlyForDeploymentPostprocessing = 0;
		};
		C100E263194DD46200CA8952 /* Frameworks */ = {
			isa = PBXFrameworksBuildPhase;
			buildActionMask = 2147483647;
			files = (
				C100E268194DD46200CA8952 /* XCTest.framework in Frameworks */,
				C100E26A194DD46200CA8952 /* UIKit.framework in Frameworks */,
				C100E269194DD46200CA8952 /* Foundation.framework in Frameworks */,
			);
			runOnlyForDeploymentPostprocessing = 0;
		};
/* End PBXFrameworksBuildPhase section */

/* Begin PBXGroup section */
		C100E239194DD46200CA8952 = {
			isa = PBXGroup;
			children = (
				C100E24B194DD46200CA8952 /* cocoapodstest2 */,
				C100E26D194DD46200CA8952 /* cocoapodstest2Tests */,
				C100E244194DD46200CA8952 /* Frameworks */,
				C100E243194DD46200CA8952 /* Products */,
				18A92EC3A062419A9E57C2AD /* Pods.xcconfig */,
			);
			sourceTree = "<group>";
		};
		C100E243194DD46200CA8952 /* Products */ = {
			isa = PBXGroup;
			children = (
				C100E242194DD46200CA8952 /* cocoapodstest2.app */,
				C100E266194DD46200CA8952 /* cocoapodstest2Tests.xctest */,
			);
			name = Products;
			sourceTree = "<group>";
		};
		C100E244194DD46200CA8952 /* Frameworks */ = {
			isa = PBXGroup;
			children = (
				C100E245194DD46200CA8952 /* Foundation.framework */,
				C100E247194DD46200CA8952 /* CoreGraphics.framework */,
				C100E249194DD46200CA8952 /* UIKit.framework */,
				C100E267194DD46200CA8952 /* XCTest.framework */,
				979121E54C044ABE8A8E13A6 /* libPods.a */,
			);
			name = Frameworks;
			sourceTree = "<group>";
		};
		C100E24B194DD46200CA8952 /* cocoapodstest2 */ = {
			isa = PBXGroup;
			children = (
				C100E254194DD46200CA8952 /* AppDelegate.h */,
				C100E255194DD46200CA8952 /* AppDelegate.m */,
				C100E257194DD46200CA8952 /* Main.storyboard */,
				C100E25A194DD46200CA8952 /* FirstViewController.h */,
				C100E25B194DD46200CA8952 /* FirstViewController.m */,
				C100E25D194DD46200CA8952 /* SecondViewController.h */,
				C100E25E194DD46200CA8952 /* SecondViewController.m */,
				C100E260194DD46200CA8952 /* Images.xcassets */,
				C100E24C194DD46200CA8952 /* Supporting Files */,
			);
			path = cocoapodstest2;
			sourceTree = "<group>";
		};
		C100E24C194DD46200CA8952 /* Supporting Files */ = {
			isa = PBXGroup;
			children = (
				C100E24D194DD46200CA8952 /* cocoapodstest2-Info.plist */,
				C100E24E194DD46200CA8952 /* InfoPlist.strings */,
				C100E251194DD46200CA8952 /* main.m */,
				C100E253194DD46200CA8952 /* cocoapodstest2-Prefix.pch */,
			);
			name = "Supporting Files";
			sourceTree = "<group>";
		};
		C100E26D194DD46200CA8952 /* cocoapodstest2Tests */ = {
			isa = PBXGroup;
			children = (
				C100E273194DD46200CA8952 /* cocoapodstest2Tests.m */,
				C100E26E194DD46200CA8952 /* Supporting Files */,
			);
			path = cocoapodstest2Tests;
			sourceTree = "<group>";
		};
		C100E26E194DD46200CA8952 /* Supporting Files */ = {
			isa = PBXGroup;
			children = (
				C100E26F194DD46200CA8952 /* cocoapodstest2Tests-Info.plist */,
				C100E270194DD46200CA8952 /* InfoPlist.strings */,
			);
			name = "Supporting Files";
			sourceTree = "<group>";
		};
/* End PBXGroup section */

/* Begin PBXNativeTarget section */
		C100E241194DD46200CA8952 /* cocoapodstest2 */ = {
			isa = PBXNativeTarget;
			buildConfigurationList = C100E277194DD46200CA8952 /* Build configuration list for PBXNativeTarget "cocoapodstest2" */;
			buildPhases = (
				02513A8EEB6642B48E847E14 /* Check Pods Manifest.lock */,
				C100E23E194DD46200CA8952 /* Sources */,
				C100E23F194DD46200CA8952 /* Frameworks */,
				C100E240194DD46200CA8952 /* Resources */,
				34DE6DD2E1A8439186B6D70B /* Copy Pods Resources */,
			);
			buildRules = (
			);
			dependencies = (
			);
			name = cocoapodstest2;
			productName = cocoapodstest2;
			productReference = C100E242194DD46200CA8952 /* cocoapodstest2.app */;
			productType = "com.apple.product-type.application";
		};
		C100E265194DD46200CA8952 /* cocoapodstest2Tests */ = {
			isa = PBXNativeTarget;
			buildConfigurationList = C100E27A194DD46200CA8952 /* Build configuration list for PBXNativeTarget "cocoapodstest2Tests" */;
			buildPhases = (
				C100E262194DD46200CA8952 /* Sources */,
				C100E263194DD46200CA8952 /* Frameworks */,
				C100E264194DD46200CA8952 /* Resources */,
			);
			buildRules = (
			);
			dependencies = (
				C100E26C194DD46200CA8952 /* PBXTargetDependency */,
			);
			name = cocoapodstest2Tests;
			productName = cocoapodstest2Tests;
			productReference = C100E266194DD46200CA8952 /* cocoapodstest2Tests.xctest */;
			productType = "com.apple.product-type.bundle.unit-test";
		};
/* End PBXNativeTarget section */

/* Begin PBXProject section */
		C100E23A194DD46200CA8952 /* Project object */ = {
			isa = PBXProject;
			attributes = {
				LastUpgradeCheck = 0510;
				ORGANIZATIONNAME = OtaniAtsushi1;
				TargetAttributes = {
					C100E265194DD46200CA8952 = {
						TestTargetID = C100E241194DD46200CA8952;
					};
				};
			};
			buildConfigurationList = C100E23D194DD46200CA8952 /* Build configuration list for PBXProject "cocoapodstest2" */;
			compatibilityVersion = "Xcode 3.2";
			developmentRegion = English;
			hasScannedForEncodings = 0;
			knownRegions = (
				en,
				Base,
			);
			mainGroup = C100E239194DD46200CA8952;
			productRefGroup = C100E243194DD46200CA8952 /* Products */;
			projectDirPath = "";
			projectRoot = "";
			targets = (
				C100E241194DD46200CA8952 /* cocoapodstest2 */,
				C100E265194DD46200CA8952 /* cocoapodstest2Tests */,
			);
		};
/* End PBXProject section */

/* Begin PBXResourcesBuildPhase section */
		C100E240194DD46200CA8952 /* Resources */ = {
			isa = PBXResourcesBuildPhase;
			buildActionMask = 2147483647;
			files = (
				C100E261194DD46200CA8952 /* Images.xcassets in Resources */,
				C100E250194DD46200CA8952 /* InfoPlist.strings in Resources */,
				C100E259194DD46200CA8952 /* Main.storyboard in Resources */,
			);
			runOnlyForDeploymentPostprocessing = 0;
		};
		C100E264194DD46200CA8952 /* Resources */ = {
			isa = PBXResourcesBuildPhase;
			buildActionMask = 2147483647;
			files = (
				C100E272194DD46200CA8952 /* InfoPlist.strings in Resources */,
			);
			runOnlyForDeploymentPostprocessing = 0;
		};
/* End PBXResourcesBuildPhase section */

/* Begin PBXShellScriptBuildPhase section */
		02513A8EEB6642B48E847E14 /* Check Pods Manifest.lock */ = {
			isa = PBXShellScriptBuildPhase;
			buildActionMask = 2147483647;
			files = (
			);
			inputPaths = (
			);
			name = "Check Pods Manifest.lock";
			outputPaths = (
			);
			runOnlyForDeploymentPostprocessing = 0;
			shellPath = /bin/sh;
			shellScript = "diff \"${PODS_ROOT}/../Podfile.lock\" \"${PODS_ROOT}/Manifest.lock\" > /dev/null\nif [[ $? != 0 ]] ; then\n    cat << EOM\nerror: The sandbox is not in sync with the Podfile.lock. Run 'pod install' or update your CocoaPods installation.\nEOM\n    exit 1\nfi\n";
			showEnvVarsInLog = 0;
		};
		34DE6DD2E1A8439186B6D70B /* Copy Pods Resources */ = {
			isa = PBXShellScriptBuildPhase;
			buildActionMask = 2147483647;
			files = (
			);
			inputPaths = (
			);
			name = "Copy Pods Resources";
			outputPaths = (
			);
			runOnlyForDeploymentPostprocessing = 0;
			shellPath = /bin/sh;
			shellScript = "\"${SRCROOT}/Pods/Pods-resources.sh\"\n";
			showEnvVarsInLog = 0;
		};
/* End PBXShellScriptBuildPhase section */

/* Begin PBXSourcesBuildPhase section */
		C100E23E194DD46200CA8952 /* Sources */ = {
			isa = PBXSourcesBuildPhase;
			buildActionMask = 2147483647;
			files = (
				C100E25F194DD46200CA8952 /* SecondViewController.m in Sources */,
				C100E256194DD46200CA8952 /* AppDelegate.m in Sources */,
				C100E25C194DD46200CA8952 /* FirstViewController.m in Sources */,
				C100E252194DD46200CA8952 /* main.m in Sources */,
			);
			runOnlyForDeploymentPostprocessing = 0;
		};
		C100E262194DD46200CA8952 /* Sources */ = {
			isa = PBXSourcesBuildPhase;
			buildActionMask = 2147483647;
			files = (
				C100E274194DD46200CA8952 /* cocoapodstest2Tests.m in Sources */,
			);
			runOnlyForDeploymentPostprocessing = 0;
		};
/* End PBXSourcesBuildPhase section */

/* Begin PBXTargetDependency section */
		C100E26C194DD46200CA8952 /* PBXTargetDependency */ = {
			isa = PBXTargetDependency;
			target = C100E241194DD46200CA8952 /* cocoapodstest2 */;
			targetProxy = C100E26B194DD46200CA8952 /* PBXContainerItemProxy */;
		};
/* End PBXTargetDependency section */

/* Begin PBXVariantGroup section */
		C100E24E194DD46200CA8952 /* InfoPlist.strings */ = {
			isa = PBXVariantGroup;
			children = (
				C100E24F194DD46200CA8952 /* en */,
			);
			name = InfoPlist.strings;
			sourceTree = "<group>";
		};
		C100E257194DD46200CA8952 /* Main.storyboard */ = {
			isa = PBXVariantGroup;
			children = (
				C100E258194DD46200CA8952 /* Base */,
			);
			name = Main.storyboard;
			sourceTree = "<group>";
		};
		C100E270194DD46200CA8952 /* InfoPlist.strings */ = {
			isa = PBXVariantGroup;
			children = (
				C100E271194DD46200CA8952 /* en */,
			);
			name = InfoPlist.strings;
			sourceTree = "<group>";
		};
/* End PBXVariantGroup section */

/* Begin XCBuildConfiguration section */
		C100E275194DD46200CA8952 /* Debug */ = {
			isa = XCBuildConfiguration;
			buildSettings = {
				ALWAYS_SEARCH_USER_PATHS = NO;
				CLANG_CXX_LANGUAGE_STANDARD = "gnu++0x";
				CLANG_CXX_LIBRARY = "libc++";
				CLANG_ENABLE_MODULES = YES;
				CLANG_ENABLE_OBJC_ARC = YES;
				CLANG_WARN_BOOL_CONVERSION = YES;
				CLANG_WARN_CONSTANT_CONVERSION = YES;
				CLANG_WARN_DIRECT_OBJC_ISA_USAGE = YES_ERROR;
				CLANG_WARN_EMPTY_BODY = YES;
				CLANG_WARN_ENUM_CONVERSION = YES;
				CLANG_WARN_INT_CONVERSION = YES;
				CLANG_WARN_OBJC_ROOT_CLASS = YES_ERROR;
				CLANG_WARN__DUPLICATE_METHOD_MATCH = YES;
				"CODE_SIGN_IDENTITY[sdk=iphoneos*]" = "iPhone Developer";
				COPY_PHASE_STRIP = NO;
				GCC_C_LANGUAGE_STANDARD = gnu99;
				GCC_DYNAMIC_NO_PIC = NO;
				GCC_OPTIMIZATION_LEVEL = 0;
				GCC_PREPROCESSOR_DEFINITIONS = (
					"DEBUG=1",
					"$(inherited)",
				);
				GCC_SYMBOLS_PRIVATE_EXTERN = NO;
				GCC_WARN_64_TO_32_BIT_CONVERSION = YES;
				GCC_WARN_ABOUT_RETURN_TYPE = YES_ERROR;
				GCC_WARN_UNDECLARED_SELECTOR = YES;
				GCC_WARN_UNINITIALIZED_AUTOS = YES_AGGRESSIVE;
				GCC_WARN_UNUSED_FUNCTION = YES;
				GCC_WARN_UNUSED_VARIABLE = YES;
				IPHONEOS_DEPLOYMENT_TARGET = 7.1;
				ONLY_ACTIVE_ARCH = YES;
				SDKROOT = iphoneos;
			};
			name = Debug;
		};
		C100E276194DD46200CA8952 /* Release */ = {
			isa = XCBuildConfiguration;
			buildSettings = {
				ALWAYS_SEARCH_USER_PATHS = NO;
				CLANG_CXX_LANGUAGE_STANDARD = "gnu++0x";
				CLANG_CXX_LIBRARY = "libc++";
				CLANG_ENABLE_MODULES = YES;
				CLANG_ENABLE_OBJC_ARC = YES;
				CLANG_WARN_BOOL_CONVERSION = YES;
				CLANG_WARN_CONSTANT_CONVERSION = YES;
				CLANG_WARN_DIRECT_OBJC_ISA_USAGE = YES_ERROR;
				CLANG_WARN_EMPTY_BODY = YES;
				CLANG_WARN_ENUM_CONVERSION = YES;
				CLANG_WARN_INT_CONVERSION = YES;
				CLANG_WARN_OBJC_ROOT_CLASS = YES_ERROR;
				CLANG_WARN__DUPLICATE_METHOD_MATCH = YES;
				"CODE_SIGN_IDENTITY[sdk=iphoneos*]" = "iPhone Developer";
				COPY_PHASE_STRIP = YES;
				ENABLE_NS_ASSERTIONS = NO;
				GCC_C_LANGUAGE_STANDARD = gnu99;
				GCC_WARN_64_TO_32_BIT_CONVERSION = YES;
				GCC_WARN_ABOUT_RETURN_TYPE = YES_ERROR;
				GCC_WARN_UNDECLARED_SELECTOR = YES;
				GCC_WARN_UNINITIALIZED_AUTOS = YES_AGGRESSIVE;
				GCC_WARN_UNUSED_FUNCTION = YES;
				GCC_WARN_UNUSED_VARIABLE = YES;
				IPHONEOS_DEPLOYMENT_TARGET = 7.1;
				SDKROOT = iphoneos;
				VALIDATE_PRODUCT = YES;
			};
			name = Release;
		};
		C100E278194DD46200CA8952 /* Debug */ = {
			isa = XCBuildConfiguration;
			baseConfigurationReference = 18A92EC3A062419A9E57C2AD /* Pods.xcconfig */;
			buildSettings = {
				ASSETCATALOG_COMPILER_APPICON_NAME = AppIcon;
				ASSETCATALOG_COMPILER_LAUNCHIMAGE_NAME = LaunchImage;
				GCC_PRECOMPILE_PREFIX_HEADER = YES;
				GCC_PREFIX_HEADER = "cocoapodstest2/cocoapodstest2-Prefix.pch";
				INFOPLIST_FILE = "cocoapodstest2/cocoapodstest2-Info.plist";
				LIBRARY_SEARCH_PATHS = "/Library/Server/Xcode/**";
				PRODUCT_NAME = "$(TARGET_NAME)";
				WRAPPER_EXTENSION = app;
			};
			name = Debug;
		};
		C100E279194DD46200CA8952 /* Release */ = {
			isa = XCBuildConfiguration;
			baseConfigurationReference = 18A92EC3A062419A9E57C2AD /* Pods.xcconfig */;
			buildSettings = {
				ASSETCATALOG_COMPILER_APPICON_NAME = AppIcon;
				ASSETCATALOG_COMPILER_LAUNCHIMAGE_NAME = LaunchImage;
				GCC_PRECOMPILE_PREFIX_HEADER = YES;
				GCC_PREFIX_HEADER = "cocoapodstest2/cocoapodstest2-Prefix.pch";
				INFOPLIST_FILE = "cocoapodstest2/cocoapodstest2-Info.plist";
				LIBRARY_SEARCH_PATHS = "/Library/Server/Xcode/**";
				PRODUCT_NAME = "$(TARGET_NAME)";
				WRAPPER_EXTENSION = app;
			};
			name = Release;
		};
		C100E27B194DD46200CA8952 /* Debug */ = {
			isa = XCBuildConfiguration;
			buildSettings = {
				BUNDLE_LOADER = "$(BUILT_PRODUCTS_DIR)/cocoapodstest2.app/cocoapodstest2";
				FRAMEWORK_SEARCH_PATHS = (
					"$(SDKROOT)/Developer/Library/Frameworks",
					"$(inherited)",
					"$(DEVELOPER_FRAMEWORKS_DIR)",
				);
				GCC_PRECOMPILE_PREFIX_HEADER = YES;
				GCC_PREFIX_HEADER = "cocoapodstest2/cocoapodstest2-Prefix.pch";
				GCC_PREPROCESSOR_DEFINITIONS = (
					"DEBUG=1",
					"$(inherited)",
				);
				INFOPLIST_FILE = "cocoapodstest2Tests/cocoapodstest2Tests-Info.plist";
				PRODUCT_NAME = "$(TARGET_NAME)";
				TEST_HOST = "$(BUNDLE_LOADER)";
				WRAPPER_EXTENSION = xctest;
			};
			name = Debug;
		};
		C100E27C194DD46200CA8952 /* Release */ = {
			isa = XCBuildConfiguration;
			buildSettings = {
				BUNDLE_LOADER = "$(BUILT_PRODUCTS_DIR)/cocoapodstest2.app/cocoapodstest2";
				FRAMEWORK_SEARCH_PATHS = (
					"$(SDKROOT)/Developer/Library/Frameworks",
					"$(inherited)",
					"$(DEVELOPER_FRAMEWORKS_DIR)",
				);
				GCC_PRECOMPILE_PREFIX_HEADER = YES;
				GCC_PREFIX_HEADER = "cocoapodstest2/cocoapodstest2-Prefix.pch";
				INFOPLIST_FILE = "cocoapodstest2Tests/cocoapodstest2Tests-Info.plist";
				PRODUCT_NAME = "$(TARGET_NAME)";
				TEST_HOST = "$(BUNDLE_LOADER)";
				WRAPPER_EXTENSION = xctest;
			};
			name = Release;
		};
/* End XCBuildConfiguration section */

/* Begin XCConfigurationList section */
		C100E23D194DD46200CA8952 /* Build configuration list for PBXProject "cocoapodstest2" */ = {
			isa = XCConfigurationList;
			buildConfigurations = (
				C100E275194DD46200CA8952 /* Debug */,
				C100E276194DD46200CA8952 /* Release */,
			);
			defaultConfigurationIsVisible = 0;
			defaultConfigurationName = Release;
		};
		C100E277194DD46200CA8952 /* Build configuration list for PBXNativeTarget "cocoapodstest2" */ = {
			isa = XCConfigurationList;
			buildConfigurations = (
				C100E278194DD46200CA8952 /* Debug */,
				C100E279194DD46200CA8952 /* Release */,
			);
			defaultConfigurationIsVisible = 0;
			defaultConfigurationName = Release;
		};
		C100E27A194DD46200CA8952 /* Build configuration list for PBXNativeTarget "cocoapodstest2Tests" */ = {
			isa = XCConfigurationList;
			buildConfigurations = (
				C100E27B194DD46200CA8952 /* Debug */,
				C100E27C194DD46200CA8952 /* Release */,
			);
			defaultConfigurationIsVisible = 0;
			defaultConfigurationName = Release;
		};
/* End XCConfigurationList section */
	};
	rootObject = C100E23A194DD46200CA8952 /* Project object */;
}
